
Microsoft Visual Studio Solution File, Format Version 12.00
# Visual Studio Version 17
VisualStudioVersion = 17.14.36804.6 d17.14
MinimumVisualStudioVersion = 10.0.40219.1
Project("{FAE04EC0-301F-11D3-BF4B-00C04F79EFBC}") = "task_6_33", "task_6_33\task_6_33.csproj", "{A25E7AAD-2AE5-4CB5-98FE-460DD7C7F65C}"
EndProject
Global
	GlobalSection(SolutionConfigurationPlatforms) = preSolution
		Debug|Any CPU = Debug|Any CPU
		Release|Any CPU = Release|Any CPU
	EndGlobalSection
	GlobalSection(ProjectConfigurationPlatforms) = postSolution
		{A25E7AAD-2AE5-4CB5-98FE-460DD7C7F65C}.Debug|Any CPU.ActiveCfg = Debug|Any CPU
		{A25E7AAD-2AE5-4CB5-98FE-460DD7C7F65C}.Debug|Any CPU.Build.0 = Debug|Any CPU
		{A25E7AAD-2AE5-4CB5-98FE-460DD7C7F65C}.Release|Any CPU.ActiveCfg = Release|Any CPU
		{A25E7AAD-2AE5-4CB5-98FE-460DD7C7F65C}.Release|Any CPU.Build.0 = Release|Any CPU
	EndGlobalSection
	GlobalSection(SolutionProperties) = preSolution
		HideSolutionNode = FALSE
	EndGlobalSection
	GlobalSection(ExtensibilityGlobals) = postSolution
		SolutionGuid = {464D751F-7432-4564-89C6-B9DC96EB8C85}
	EndGlobalSection
EndGlobal
