
Microsoft Visual Studio Solution File, Format Version 12.00
# Visual Studio Version 17
VisualStudioVersion = 17.14.36804.6 d17.14
MinimumVisualStudioVersion = 10.0.40219.1
Project("{FAE04EC0-301F-11D3-BF4B-00C04F79EFBC}") = "task_6_76", "task_6_76\task_6_76.csproj", "{BCBA1F93-68D5-4B97-815E-7E9EC7105B45}"
EndProject
Global
	GlobalSection(SolutionConfigurationPlatforms) = preSolution
		Debug|Any CPU = Debug|Any CPU
		Release|Any CPU = Release|Any CPU
	EndGlobalSection
	GlobalSection(ProjectConfigurationPlatforms) = postSolution
		{BCBA1F93-68D5-4B97-815E-7E9EC7105B45}.Debug|Any CPU.ActiveCfg = Debug|Any CPU
		{BCBA1F93-68D5-4B97-815E-7E9EC7105B45}.Debug|Any CPU.Build.0 = Debug|Any CPU
		{BCBA1F93-68D5-4B97-815E-7E9EC7105B45}.Release|Any CPU.ActiveCfg = Release|Any CPU
		{BCBA1F93-68D5-4B97-815E-7E9EC7105B45}.Release|Any CPU.Build.0 = Release|Any CPU
	EndGlobalSection
	GlobalSection(SolutionProperties) = preSolution
		HideSolutionNode = FALSE
	EndGlobalSection
	GlobalSection(ExtensibilityGlobals) = postSolution
		SolutionGuid = {DEFE1095-1008-4BFC-8C28-13D357609AC1}
	EndGlobalSection
EndGlobal
