
Microsoft Visual Studio Solution File, Format Version 12.00
# Visual Studio Version 17
VisualStudioVersion = 17.14.36804.6 d17.14
MinimumVisualStudioVersion = 10.0.40219.1
Project("{FAE04EC0-301F-11D3-BF4B-00C04F79EFBC}") = "task_6_43", "task_6_43\task_6_43.csproj", "{BE4B2E4C-3A62-4DE5-B076-E6206FBE9ABC}"
EndProject
Global
	GlobalSection(SolutionConfigurationPlatforms) = preSolution
		Debug|Any CPU = Debug|Any CPU
		Release|Any CPU = Release|Any CPU
	EndGlobalSection
	GlobalSection(ProjectConfigurationPlatforms) = postSolution
		{BE4B2E4C-3A62-4DE5-B076-E6206FBE9ABC}.Debug|Any CPU.ActiveCfg = Debug|Any CPU
		{BE4B2E4C-3A62-4DE5-B076-E6206FBE9ABC}.Debug|Any CPU.Build.0 = Debug|Any CPU
		{BE4B2E4C-3A62-4DE5-B076-E6206FBE9ABC}.Release|Any CPU.ActiveCfg = Release|Any CPU
		{BE4B2E4C-3A62-4DE5-B076-E6206FBE9ABC}.Release|Any CPU.Build.0 = Release|Any CPU
	EndGlobalSection
	GlobalSection(SolutionProperties) = preSolution
		HideSolutionNode = FALSE
	EndGlobalSection
	GlobalSection(ExtensibilityGlobals) = postSolution
		SolutionGuid = {E7F81B34-2C28-43B2-900A-EEF1C16B6B3D}
	EndGlobalSection
EndGlobal
