
Microsoft Visual Studio Solution File, Format Version 12.00
# Visual Studio Version 17
VisualStudioVersion = 17.14.36804.6 d17.14
MinimumVisualStudioVersion = 10.0.40219.1
Project("{FAE04EC0-301F-11D3-BF4B-00C04F79EFBC}") = "task_6_57", "task_6_57\task_6_57.csproj", "{3EED5051-01CC-433E-8662-34C13EA3B3F3}"
EndProject
Global
	GlobalSection(SolutionConfigurationPlatforms) = preSolution
		Debug|Any CPU = Debug|Any CPU
		Release|Any CPU = Release|Any CPU
	EndGlobalSection
	GlobalSection(ProjectConfigurationPlatforms) = postSolution
		{3EED5051-01CC-433E-8662-34C13EA3B3F3}.Debug|Any CPU.ActiveCfg = Debug|Any CPU
		{3EED5051-01CC-433E-8662-34C13EA3B3F3}.Debug|Any CPU.Build.0 = Debug|Any CPU
		{3EED5051-01CC-433E-8662-34C13EA3B3F3}.Release|Any CPU.ActiveCfg = Release|Any CPU
		{3EED5051-01CC-433E-8662-34C13EA3B3F3}.Release|Any CPU.Build.0 = Release|Any CPU
	EndGlobalSection
	GlobalSection(SolutionProperties) = preSolution
		HideSolutionNode = FALSE
	EndGlobalSection
	GlobalSection(ExtensibilityGlobals) = postSolution
		SolutionGuid = {33109975-4DC8-4671-9438-81327C7045C2}
	EndGlobalSection
EndGlobal
