
Microsoft Visual Studio Solution File, Format Version 12.00
# Visual Studio Version 17
VisualStudioVersion = 17.14.36804.6 d17.14
MinimumVisualStudioVersion = 10.0.40219.1
Project("{FAE04EC0-301F-11D3-BF4B-00C04F79EFBC}") = "task_6_26", "task_6_26\task_6_26.csproj", "{56CD6E8E-CF8B-4E15-BF02-5DD568E40442}"
EndProject
Global
	GlobalSection(SolutionConfigurationPlatforms) = preSolution
		Debug|Any CPU = Debug|Any CPU
		Release|Any CPU = Release|Any CPU
	EndGlobalSection
	GlobalSection(ProjectConfigurationPlatforms) = postSolution
		{56CD6E8E-CF8B-4E15-BF02-5DD568E40442}.Debug|Any CPU.ActiveCfg = Debug|Any CPU
		{56CD6E8E-CF8B-4E15-BF02-5DD568E40442}.Debug|Any CPU.Build.0 = Debug|Any CPU
		{56CD6E8E-CF8B-4E15-BF02-5DD568E40442}.Release|Any CPU.ActiveCfg = Release|Any CPU
		{56CD6E8E-CF8B-4E15-BF02-5DD568E40442}.Release|Any CPU.Build.0 = Release|Any CPU
	EndGlobalSection
	GlobalSection(SolutionProperties) = preSolution
		HideSolutionNode = FALSE
	EndGlobalSection
	GlobalSection(ExtensibilityGlobals) = postSolution
		SolutionGuid = {318CC919-392B-4DD0-B545-68A26D22516A}
	EndGlobalSection
EndGlobal
