
Microsoft Visual Studio Solution File, Format Version 12.00
# Visual Studio Version 17
VisualStudioVersion = 17.14.36804.6 d17.14
MinimumVisualStudioVersion = 10.0.40219.1
Project("{FAE04EC0-301F-11D3-BF4B-00C04F79EFBC}") = "task_6_35", "task_6_35\task_6_35.csproj", "{C919B0A1-0F79-4E3E-B6FF-B0EEB1FCF148}"
EndProject
Global
	GlobalSection(SolutionConfigurationPlatforms) = preSolution
		Debug|Any CPU = Debug|Any CPU
		Release|Any CPU = Release|Any CPU
	EndGlobalSection
	GlobalSection(ProjectConfigurationPlatforms) = postSolution
		{C919B0A1-0F79-4E3E-B6FF-B0EEB1FCF148}.Debug|Any CPU.ActiveCfg = Debug|Any CPU
		{C919B0A1-0F79-4E3E-B6FF-B0EEB1FCF148}.Debug|Any CPU.Build.0 = Debug|Any CPU
		{C919B0A1-0F79-4E3E-B6FF-B0EEB1FCF148}.Release|Any CPU.ActiveCfg = Release|Any CPU
		{C919B0A1-0F79-4E3E-B6FF-B0EEB1FCF148}.Release|Any CPU.Build.0 = Release|Any CPU
	EndGlobalSection
	GlobalSection(SolutionProperties) = preSolution
		HideSolutionNode = FALSE
	EndGlobalSection
	GlobalSection(ExtensibilityGlobals) = postSolution
		SolutionGuid = {037B6743-10C5-4DAE-9ECC-09BC80497C25}
	EndGlobalSection
EndGlobal
