
Microsoft Visual Studio Solution File, Format Version 12.00
# Visual Studio Version 17
VisualStudioVersion = 17.14.36804.6 d17.14
MinimumVisualStudioVersion = 10.0.40219.1
Project("{FAE04EC0-301F-11D3-BF4B-00C04F79EFBC}") = "task_6_69", "task_6_69\task_6_69.csproj", "{4EFDF39E-CD25-492F-B18E-1884DE036615}"
EndProject
Global
	GlobalSection(SolutionConfigurationPlatforms) = preSolution
		Debug|Any CPU = Debug|Any CPU
		Release|Any CPU = Release|Any CPU
	EndGlobalSection
	GlobalSection(ProjectConfigurationPlatforms) = postSolution
		{4EFDF39E-CD25-492F-B18E-1884DE036615}.Debug|Any CPU.ActiveCfg = Debug|Any CPU
		{4EFDF39E-CD25-492F-B18E-1884DE036615}.Debug|Any CPU.Build.0 = Debug|Any CPU
		{4EFDF39E-CD25-492F-B18E-1884DE036615}.Release|Any CPU.ActiveCfg = Release|Any CPU
		{4EFDF39E-CD25-492F-B18E-1884DE036615}.Release|Any CPU.Build.0 = Release|Any CPU
	EndGlobalSection
	GlobalSection(SolutionProperties) = preSolution
		HideSolutionNode = FALSE
	EndGlobalSection
	GlobalSection(ExtensibilityGlobals) = postSolution
		SolutionGuid = {7CB125DD-AF63-44DE-8FE2-7E9006C3D8F9}
	EndGlobalSection
EndGlobal
