
Microsoft Visual Studio Solution File, Format Version 12.00
# Visual Studio Version 17
VisualStudioVersion = 17.14.36804.6 d17.14
MinimumVisualStudioVersion = 10.0.40219.1
Project("{FAE04EC0-301F-11D3-BF4B-00C04F79EFBC}") = "task_6_74", "task_6_74\task_6_74.csproj", "{927A595A-34C5-4796-ACD8-66FB1751253B}"
EndProject
Global
	GlobalSection(SolutionConfigurationPlatforms) = preSolution
		Debug|Any CPU = Debug|Any CPU
		Release|Any CPU = Release|Any CPU
	EndGlobalSection
	GlobalSection(ProjectConfigurationPlatforms) = postSolution
		{927A595A-34C5-4796-ACD8-66FB1751253B}.Debug|Any CPU.ActiveCfg = Debug|Any CPU
		{927A595A-34C5-4796-ACD8-66FB1751253B}.Debug|Any CPU.Build.0 = Debug|Any CPU
		{927A595A-34C5-4796-ACD8-66FB1751253B}.Release|Any CPU.ActiveCfg = Release|Any CPU
		{927A595A-34C5-4796-ACD8-66FB1751253B}.Release|Any CPU.Build.0 = Release|Any CPU
	EndGlobalSection
	GlobalSection(SolutionProperties) = preSolution
		HideSolutionNode = FALSE
	EndGlobalSection
	GlobalSection(ExtensibilityGlobals) = postSolution
		SolutionGuid = {DA851A4A-5828-4DC8-A7A6-95FFF00BF96B}
	EndGlobalSection
EndGlobal
