
Microsoft Visual Studio Solution File, Format Version 12.00
# Visual Studio Version 17
VisualStudioVersion = 17.14.36804.6 d17.14
MinimumVisualStudioVersion = 10.0.40219.1
Project("{FAE04EC0-301F-11D3-BF4B-00C04F79EFBC}") = "task_6_80", "task_6_80\task_6_80.csproj", "{82B4C027-05AE-4970-B1EA-8DCB3F1A48BA}"
EndProject
Global
	GlobalSection(SolutionConfigurationPlatforms) = preSolution
		Debug|Any CPU = Debug|Any CPU
		Release|Any CPU = Release|Any CPU
	EndGlobalSection
	GlobalSection(ProjectConfigurationPlatforms) = postSolution
		{82B4C027-05AE-4970-B1EA-8DCB3F1A48BA}.Debug|Any CPU.ActiveCfg = Debug|Any CPU
		{82B4C027-05AE-4970-B1EA-8DCB3F1A48BA}.Debug|Any CPU.Build.0 = Debug|Any CPU
		{82B4C027-05AE-4970-B1EA-8DCB3F1A48BA}.Release|Any CPU.ActiveCfg = Release|Any CPU
		{82B4C027-05AE-4970-B1EA-8DCB3F1A48BA}.Release|Any CPU.Build.0 = Release|Any CPU
	EndGlobalSection
	GlobalSection(SolutionProperties) = preSolution
		HideSolutionNode = FALSE
	EndGlobalSection
	GlobalSection(ExtensibilityGlobals) = postSolution
		SolutionGuid = {6E3A5234-4E0E-475F-A1E3-D771EE521319}
	EndGlobalSection
EndGlobal
