
Microsoft Visual Studio Solution File, Format Version 12.00
# Visual Studio Version 17
VisualStudioVersion = 17.14.36804.6 d17.14
MinimumVisualStudioVersion = 10.0.40219.1
Project("{FAE04EC0-301F-11D3-BF4B-00C04F79EFBC}") = "task_6_15", "task_6_15\task_6_15.csproj", "{DF8BC7E4-17C3-481F-A0DC-9C1CD1CB4A6C}"
EndProject
Global
	GlobalSection(SolutionConfigurationPlatforms) = preSolution
		Debug|Any CPU = Debug|Any CPU
		Release|Any CPU = Release|Any CPU
	EndGlobalSection
	GlobalSection(ProjectConfigurationPlatforms) = postSolution
		{DF8BC7E4-17C3-481F-A0DC-9C1CD1CB4A6C}.Debug|Any CPU.ActiveCfg = Debug|Any CPU
		{DF8BC7E4-17C3-481F-A0DC-9C1CD1CB4A6C}.Debug|Any CPU.Build.0 = Debug|Any CPU
		{DF8BC7E4-17C3-481F-A0DC-9C1CD1CB4A6C}.Release|Any CPU.ActiveCfg = Release|Any CPU
		{DF8BC7E4-17C3-481F-A0DC-9C1CD1CB4A6C}.Release|Any CPU.Build.0 = Release|Any CPU
	EndGlobalSection
	GlobalSection(SolutionProperties) = preSolution
		HideSolutionNode = FALSE
	EndGlobalSection
	GlobalSection(ExtensibilityGlobals) = postSolution
		SolutionGuid = {12B7CD6C-4720-4312-9A7F-771A0F740D6D}
	EndGlobalSection
EndGlobal
