
Microsoft Visual Studio Solution File, Format Version 12.00
# Visual Studio Version 17
VisualStudioVersion = 17.14.36804.6 d17.14
MinimumVisualStudioVersion = 10.0.40219.1
Project("{FAE04EC0-301F-11D3-BF4B-00C04F79EFBC}") = "task_6_37", "task_6_37\task_6_37.csproj", "{8D2017C1-756D-4663-88B9-B4383A25848E}"
EndProject
Global
	GlobalSection(SolutionConfigurationPlatforms) = preSolution
		Debug|Any CPU = Debug|Any CPU
		Release|Any CPU = Release|Any CPU
	EndGlobalSection
	GlobalSection(ProjectConfigurationPlatforms) = postSolution
		{8D2017C1-756D-4663-88B9-B4383A25848E}.Debug|Any CPU.ActiveCfg = Debug|Any CPU
		{8D2017C1-756D-4663-88B9-B4383A25848E}.Debug|Any CPU.Build.0 = Debug|Any CPU
		{8D2017C1-756D-4663-88B9-B4383A25848E}.Release|Any CPU.ActiveCfg = Release|Any CPU
		{8D2017C1-756D-4663-88B9-B4383A25848E}.Release|Any CPU.Build.0 = Release|Any CPU
	EndGlobalSection
	GlobalSection(SolutionProperties) = preSolution
		HideSolutionNode = FALSE
	EndGlobalSection
	GlobalSection(ExtensibilityGlobals) = postSolution
		SolutionGuid = {60F1635F-552B-4189-A528-5735B77C4D7B}
	EndGlobalSection
EndGlobal
