
Microsoft Visual Studio Solution File, Format Version 12.00
# Visual Studio Version 17
VisualStudioVersion = 17.14.36804.6 d17.14
MinimumVisualStudioVersion = 10.0.40219.1
Project("{FAE04EC0-301F-11D3-BF4B-00C04F79EFBC}") = "task_6_78", "task_6_78\task_6_78.csproj", "{14FF4FEE-F2EE-4EC6-9FE5-A5B540429F2E}"
EndProject
Global
	GlobalSection(SolutionConfigurationPlatforms) = preSolution
		Debug|Any CPU = Debug|Any CPU
		Release|Any CPU = Release|Any CPU
	EndGlobalSection
	GlobalSection(ProjectConfigurationPlatforms) = postSolution
		{14FF4FEE-F2EE-4EC6-9FE5-A5B540429F2E}.Debug|Any CPU.ActiveCfg = Debug|Any CPU
		{14FF4FEE-F2EE-4EC6-9FE5-A5B540429F2E}.Debug|Any CPU.Build.0 = Debug|Any CPU
		{14FF4FEE-F2EE-4EC6-9FE5-A5B540429F2E}.Release|Any CPU.ActiveCfg = Release|Any CPU
		{14FF4FEE-F2EE-4EC6-9FE5-A5B540429F2E}.Release|Any CPU.Build.0 = Release|Any CPU
	EndGlobalSection
	GlobalSection(SolutionProperties) = preSolution
		HideSolutionNode = FALSE
	EndGlobalSection
	GlobalSection(ExtensibilityGlobals) = postSolution
		SolutionGuid = {0D4DE1CD-D459-49C4-817B-7835205427E2}
	EndGlobalSection
EndGlobal
