
Microsoft Visual Studio Solution File, Format Version 12.00
# Visual Studio Version 17
VisualStudioVersion = 17.14.36804.6 d17.14
MinimumVisualStudioVersion = 10.0.40219.1
Project("{FAE04EC0-301F-11D3-BF4B-00C04F79EFBC}") = "task_6_70", "task_6_70\task_6_70.csproj", "{68620E8A-6B8A-4F84-8C2E-9E6A3755B46C}"
EndProject
Global
	GlobalSection(SolutionConfigurationPlatforms) = preSolution
		Debug|Any CPU = Debug|Any CPU
		Release|Any CPU = Release|Any CPU
	EndGlobalSection
	GlobalSection(ProjectConfigurationPlatforms) = postSolution
		{68620E8A-6B8A-4F84-8C2E-9E6A3755B46C}.Debug|Any CPU.ActiveCfg = Debug|Any CPU
		{68620E8A-6B8A-4F84-8C2E-9E6A3755B46C}.Debug|Any CPU.Build.0 = Debug|Any CPU
		{68620E8A-6B8A-4F84-8C2E-9E6A3755B46C}.Release|Any CPU.ActiveCfg = Release|Any CPU
		{68620E8A-6B8A-4F84-8C2E-9E6A3755B46C}.Release|Any CPU.Build.0 = Release|Any CPU
	EndGlobalSection
	GlobalSection(SolutionProperties) = preSolution
		HideSolutionNode = FALSE
	EndGlobalSection
	GlobalSection(ExtensibilityGlobals) = postSolution
		SolutionGuid = {29091A41-636B-4477-8564-8042934D5E8F}
	EndGlobalSection
EndGlobal
