
Microsoft Visual Studio Solution File, Format Version 12.00
# Visual Studio Version 17
VisualStudioVersion = 17.14.36804.6 d17.14
MinimumVisualStudioVersion = 10.0.40219.1
Project("{FAE04EC0-301F-11D3-BF4B-00C04F79EFBC}") = "task_6_54", "task_6_54\task_6_54.csproj", "{6E86AC7E-066E-4041-8233-5A33650FC326}"
EndProject
Global
	GlobalSection(SolutionConfigurationPlatforms) = preSolution
		Debug|Any CPU = Debug|Any CPU
		Release|Any CPU = Release|Any CPU
	EndGlobalSection
	GlobalSection(ProjectConfigurationPlatforms) = postSolution
		{6E86AC7E-066E-4041-8233-5A33650FC326}.Debug|Any CPU.ActiveCfg = Debug|Any CPU
		{6E86AC7E-066E-4041-8233-5A33650FC326}.Debug|Any CPU.Build.0 = Debug|Any CPU
		{6E86AC7E-066E-4041-8233-5A33650FC326}.Release|Any CPU.ActiveCfg = Release|Any CPU
		{6E86AC7E-066E-4041-8233-5A33650FC326}.Release|Any CPU.Build.0 = Release|Any CPU
	EndGlobalSection
	GlobalSection(SolutionProperties) = preSolution
		HideSolutionNode = FALSE
	EndGlobalSection
	GlobalSection(ExtensibilityGlobals) = postSolution
		SolutionGuid = {0BC9D168-D822-4C4E-B39B-F3047D97315D}
	EndGlobalSection
EndGlobal
