
Microsoft Visual Studio Solution File, Format Version 12.00
# Visual Studio Version 17
VisualStudioVersion = 17.14.36804.6 d17.14
MinimumVisualStudioVersion = 10.0.40219.1
Project("{FAE04EC0-301F-11D3-BF4B-00C04F79EFBC}") = "task_6_75", "task_6_75\task_6_75.csproj", "{90E2E32A-72ED-41F0-B699-EF1D1AF25655}"
EndProject
Global
	GlobalSection(SolutionConfigurationPlatforms) = preSolution
		Debug|Any CPU = Debug|Any CPU
		Release|Any CPU = Release|Any CPU
	EndGlobalSection
	GlobalSection(ProjectConfigurationPlatforms) = postSolution
		{90E2E32A-72ED-41F0-B699-EF1D1AF25655}.Debug|Any CPU.ActiveCfg = Debug|Any CPU
		{90E2E32A-72ED-41F0-B699-EF1D1AF25655}.Debug|Any CPU.Build.0 = Debug|Any CPU
		{90E2E32A-72ED-41F0-B699-EF1D1AF25655}.Release|Any CPU.ActiveCfg = Release|Any CPU
		{90E2E32A-72ED-41F0-B699-EF1D1AF25655}.Release|Any CPU.Build.0 = Release|Any CPU
	EndGlobalSection
	GlobalSection(SolutionProperties) = preSolution
		HideSolutionNode = FALSE
	EndGlobalSection
	GlobalSection(ExtensibilityGlobals) = postSolution
		SolutionGuid = {30FD8F21-3165-4ADC-ACC3-7BD301C79CAC}
	EndGlobalSection
EndGlobal
