
Microsoft Visual Studio Solution File, Format Version 12.00
# Visual Studio Version 17
VisualStudioVersion = 17.14.36804.6 d17.14
MinimumVisualStudioVersion = 10.0.40219.1
Project("{FAE04EC0-301F-11D3-BF4B-00C04F79EFBC}") = "task_6_34", "task_6_34\task_6_34.csproj", "{78C1C654-9C78-47D3-B6C3-BF8BB47D8E20}"
EndProject
Global
	GlobalSection(SolutionConfigurationPlatforms) = preSolution
		Debug|Any CPU = Debug|Any CPU
		Release|Any CPU = Release|Any CPU
	EndGlobalSection
	GlobalSection(ProjectConfigurationPlatforms) = postSolution
		{78C1C654-9C78-47D3-B6C3-BF8BB47D8E20}.Debug|Any CPU.ActiveCfg = Debug|Any CPU
		{78C1C654-9C78-47D3-B6C3-BF8BB47D8E20}.Debug|Any CPU.Build.0 = Debug|Any CPU
		{78C1C654-9C78-47D3-B6C3-BF8BB47D8E20}.Release|Any CPU.ActiveCfg = Release|Any CPU
		{78C1C654-9C78-47D3-B6C3-BF8BB47D8E20}.Release|Any CPU.Build.0 = Release|Any CPU
	EndGlobalSection
	GlobalSection(SolutionProperties) = preSolution
		HideSolutionNode = FALSE
	EndGlobalSection
	GlobalSection(ExtensibilityGlobals) = postSolution
		SolutionGuid = {1D343827-D920-45E1-8357-F39AC7ADFDCE}
	EndGlobalSection
EndGlobal
