
Microsoft Visual Studio Solution File, Format Version 12.00
# Visual Studio Version 17
VisualStudioVersion = 17.14.36804.6 d17.14
MinimumVisualStudioVersion = 10.0.40219.1
Project("{FAE04EC0-301F-11D3-BF4B-00C04F79EFBC}") = "task_6_2", "task_6_2\task_6_2.csproj", "{051A4AD9-5BEA-4B25-BAE8-3AD24845F0C1}"
EndProject
Global
	GlobalSection(SolutionConfigurationPlatforms) = preSolution
		Debug|Any CPU = Debug|Any CPU
		Release|Any CPU = Release|Any CPU
	EndGlobalSection
	GlobalSection(ProjectConfigurationPlatforms) = postSolution
		{051A4AD9-5BEA-4B25-BAE8-3AD24845F0C1}.Debug|Any CPU.ActiveCfg = Debug|Any CPU
		{051A4AD9-5BEA-4B25-BAE8-3AD24845F0C1}.Debug|Any CPU.Build.0 = Debug|Any CPU
		{051A4AD9-5BEA-4B25-BAE8-3AD24845F0C1}.Release|Any CPU.ActiveCfg = Release|Any CPU
		{051A4AD9-5BEA-4B25-BAE8-3AD24845F0C1}.Release|Any CPU.Build.0 = Release|Any CPU
	EndGlobalSection
	GlobalSection(SolutionProperties) = preSolution
		HideSolutionNode = FALSE
	EndGlobalSection
	GlobalSection(ExtensibilityGlobals) = postSolution
		SolutionGuid = {F49500EC-C982-4315-93BD-F7E86D9BE9DB}
	EndGlobalSection
EndGlobal
