
Microsoft Visual Studio Solution File, Format Version 12.00
# Visual Studio Version 17
VisualStudioVersion = 17.14.36804.6 d17.14
MinimumVisualStudioVersion = 10.0.40219.1
Project("{FAE04EC0-301F-11D3-BF4B-00C04F79EFBC}") = "task_6_62", "task_6_62\task_6_62.csproj", "{DCCE2D8F-522E-416A-9B6F-7117B272BAB8}"
EndProject
Global
	GlobalSection(SolutionConfigurationPlatforms) = preSolution
		Debug|Any CPU = Debug|Any CPU
		Release|Any CPU = Release|Any CPU
	EndGlobalSection
	GlobalSection(ProjectConfigurationPlatforms) = postSolution
		{DCCE2D8F-522E-416A-9B6F-7117B272BAB8}.Debug|Any CPU.ActiveCfg = Debug|Any CPU
		{DCCE2D8F-522E-416A-9B6F-7117B272BAB8}.Debug|Any CPU.Build.0 = Debug|Any CPU
		{DCCE2D8F-522E-416A-9B6F-7117B272BAB8}.Release|Any CPU.ActiveCfg = Release|Any CPU
		{DCCE2D8F-522E-416A-9B6F-7117B272BAB8}.Release|Any CPU.Build.0 = Release|Any CPU
	EndGlobalSection
	GlobalSection(SolutionProperties) = preSolution
		HideSolutionNode = FALSE
	EndGlobalSection
	GlobalSection(ExtensibilityGlobals) = postSolution
		SolutionGuid = {5C952B0B-5B7D-4AFE-8419-CE439FAE26F1}
	EndGlobalSection
EndGlobal
