
Microsoft Visual Studio Solution File, Format Version 12.00
# Visual Studio Version 17
VisualStudioVersion = 17.14.36804.6 d17.14
MinimumVisualStudioVersion = 10.0.40219.1
Project("{FAE04EC0-301F-11D3-BF4B-00C04F79EFBC}") = "task_6_72", "task_6_72\task_6_72.csproj", "{B0691EC7-CFF4-4882-B147-41141AE49E08}"
EndProject
Global
	GlobalSection(SolutionConfigurationPlatforms) = preSolution
		Debug|Any CPU = Debug|Any CPU
		Release|Any CPU = Release|Any CPU
	EndGlobalSection
	GlobalSection(ProjectConfigurationPlatforms) = postSolution
		{B0691EC7-CFF4-4882-B147-41141AE49E08}.Debug|Any CPU.ActiveCfg = Debug|Any CPU
		{B0691EC7-CFF4-4882-B147-41141AE49E08}.Debug|Any CPU.Build.0 = Debug|Any CPU
		{B0691EC7-CFF4-4882-B147-41141AE49E08}.Release|Any CPU.ActiveCfg = Release|Any CPU
		{B0691EC7-CFF4-4882-B147-41141AE49E08}.Release|Any CPU.Build.0 = Release|Any CPU
	EndGlobalSection
	GlobalSection(SolutionProperties) = preSolution
		HideSolutionNode = FALSE
	EndGlobalSection
	GlobalSection(ExtensibilityGlobals) = postSolution
		SolutionGuid = {8D5B7965-C776-4A24-97B4-07180E357070}
	EndGlobalSection
EndGlobal
