
Microsoft Visual Studio Solution File, Format Version 12.00
# Visual Studio Version 17
VisualStudioVersion = 17.14.36804.6 d17.14
MinimumVisualStudioVersion = 10.0.40219.1
Project("{FAE04EC0-301F-11D3-BF4B-00C04F79EFBC}") = "task_6_23", "task_6_23\task_6_23.csproj", "{EA1F6EDC-CD1C-47CA-988D-1A3DB40EDB1C}"
EndProject
Global
	GlobalSection(SolutionConfigurationPlatforms) = preSolution
		Debug|Any CPU = Debug|Any CPU
		Release|Any CPU = Release|Any CPU
	EndGlobalSection
	GlobalSection(ProjectConfigurationPlatforms) = postSolution
		{EA1F6EDC-CD1C-47CA-988D-1A3DB40EDB1C}.Debug|Any CPU.ActiveCfg = Debug|Any CPU
		{EA1F6EDC-CD1C-47CA-988D-1A3DB40EDB1C}.Debug|Any CPU.Build.0 = Debug|Any CPU
		{EA1F6EDC-CD1C-47CA-988D-1A3DB40EDB1C}.Release|Any CPU.ActiveCfg = Release|Any CPU
		{EA1F6EDC-CD1C-47CA-988D-1A3DB40EDB1C}.Release|Any CPU.Build.0 = Release|Any CPU
	EndGlobalSection
	GlobalSection(SolutionProperties) = preSolution
		HideSolutionNode = FALSE
	EndGlobalSection
	GlobalSection(ExtensibilityGlobals) = postSolution
		SolutionGuid = {BD718F70-B66B-438B-86AC-7D8F1782678F}
	EndGlobalSection
EndGlobal
